<Solution>
  <Folder Name="/src/">
    <File Path="ImportantAlgorithmPatterns.txt" />
    <Project Path="DSA.Arrays/DSA.Arrays.csproj" />
    <Project Path="DSA.Runner/DSA.Runner.csproj" />
  </Folder>
  <Folder Name="/tests/">
    <Project Path="DSA.Arrays.Tests/DSA.Arrays.Tests.csproj" />
  </Folder>
</Solution>
